{
  "version": 4,
  "terraform_version": "0.12.28",
  "serial": 32,
  "lineage": "d250dec0-e6fe-481d-62f1-7396a72d9123",
  "outputs": {},
  "resources": [
    {
      "module": "module.lambda_iam",
      "mode": "data",
      "type": "aws_caller_identity",
      "name": "current",
      "provider": "provider.aws",
      "instances": [
        {
          "schema_version": 0,
          "attributes": {
            "account_id": "574029749308",
            "arn": "arn:aws:sts::574029749308:assumed-role/AWSReservedSSO_BK-AWS-Developer_c3329e4a0e7f3857/Rizwan.Mohammed@bkfs.com",
            "id": "2020-10-01 12:39:23.929507 +0000 UTC",
            "user_id": "AROAYLJWW3Q6GZAC7RW5I:Rizwan.Mohammed@bkfs.com"
          }
        }
      ]
    },
    {
      "module": "module.kinesis_iam",
      "mode": "data",
      "type": "aws_caller_identity",
      "name": "current",
      "provider": "provider.aws",
      "instances": [
        {
          "schema_version": 0,
          "attributes": {
            "account_id": "574029749308",
            "arn": "arn:aws:sts::574029749308:assumed-role/AWSReservedSSO_BK-AWS-Developer_c3329e4a0e7f3857/Rizwan.Mohammed@bkfs.com",
            "id": "2020-10-01 12:39:23.935653 +0000 UTC",
            "user_id": "AROAYLJWW3Q6GZAC7RW5I:Rizwan.Mohammed@bkfs.com"
          }
        }
      ]
    },
    {
      "module": "module.cloudwatch_to_firehose_trust",
      "mode": "data",
      "type": "aws_caller_identity",
      "name": "current",
      "provider": "provider.aws",
      "instances": [
        {
          "schema_version": 0,
          "attributes": {
            "account_id": "574029749308",
            "arn": "arn:aws:sts::574029749308:assumed-role/AWSReservedSSO_BK-AWS-Developer_c3329e4a0e7f3857/Rizwan.Mohammed@bkfs.com",
            "id": "2020-10-01 12:39:23.928689 +0000 UTC",
            "user_id": "AROAYLJWW3Q6GZAC7RW5I:Rizwan.Mohammed@bkfs.com"
          }
        }
      ]
    },
    {
      "mode": "data",
      "type": "aws_iam_policy_document",
      "name": "cloudwatch_to_fh_access_policy",
      "provider": "provider.aws",
      "instances": [
        {
          "schema_version": 0,
          "attributes": {
            "id": "1557693174",
            "json": "{\n  \"Version\": \"2012-10-17\",\n  \"Statement\": [\n    {\n      \"Sid\": \"\",\n      \"Effect\": \"Allow\",\n      \"Action\": \"firehose:*\",\n      \"Resource\": \"arn:aws:firehose:us-east-1:574029749308:deliverystream/terraform-kinesis-firehose-test-stream\"\n    },\n    {\n      \"Sid\": \"\",\n      \"Effect\": \"Allow\",\n      \"Action\": \"iam:PassRole\",\n      \"Resource\": \"arn:aws:iam::574029749308:role/BKI-SR-cloudwatch_to_firehose_trust\"\n    }\n  ]\n}",
            "override_json": null,
            "policy_id": null,
            "source_json": null,
            "statement": [
              {
                "actions": [
                  "firehose:*"
                ],
                "condition": [],
                "effect": "Allow",
                "not_actions": [],
                "not_principals": [],
                "not_resources": [],
                "principals": [],
                "resources": [
                  "arn:aws:firehose:us-east-1:574029749308:deliverystream/terraform-kinesis-firehose-test-stream"
                ],
                "sid": ""
              },
              {
                "actions": [
                  "iam:PassRole"
                ],
                "condition": [],
                "effect": "Allow",
                "not_actions": [],
                "not_principals": [],
                "not_resources": [],
                "principals": [],
                "resources": [
                  "arn:aws:iam::574029749308:role/BKI-SR-cloudwatch_to_firehose_trust"
                ],
                "sid": ""
              }
            ],
            "version": "2012-10-17"
          }
        }
      ]
    },
    {
      "mode": "managed",
      "type": "aws_cloudwatch_log_group",
      "name": "kinesis_logs",
      "provider": "provider.aws",
      "instances": [
        {
          "schema_version": 0,
          "attributes": {
            "arn": "arn:aws:logs:us-east-1:574029749308:log-group:/aws/kinesisfirehose/terraform-kinesis-firehose-test-stream",
            "id": "/aws/kinesisfirehose/terraform-kinesis-firehose-test-stream",
            "kms_key_id": "",
            "name": "/aws/kinesisfirehose/terraform-kinesis-firehose-test-stream",
            "name_prefix": null,
            "retention_in_days": 7,
            "tags": {}
          },
          "private": "bnVsbA=="
        }
      ]
    },
    {
      "mode": "managed",
      "type": "aws_cloudwatch_log_stream",
      "name": "kinesis_logs",
      "provider": "provider.aws",
      "instances": [
        {
          "schema_version": 0,
          "attributes": {
            "arn": "arn:aws:logs:us-east-1:574029749308:log-group:/aws/kinesisfirehose/terraform-kinesis-firehose-test-stream:log-stream:kinesis-test-stream",
            "id": "kinesis-test-stream",
            "log_group_name": "/aws/kinesisfirehose/terraform-kinesis-firehose-test-stream",
            "name": "kinesis-test-stream"
          },
          "private": "bnVsbA==",
          "dependencies": [
            "aws_cloudwatch_log_group.kinesis_logs"
          ]
        }
      ]
    },
    {
      "mode": "managed",
      "type": "aws_cloudwatch_log_subscription_filter",
      "name": "cloudwatch_log_filter",
      "provider": "provider.aws",
      "instances": [
        {
          "schema_version": 0,
          "attributes": {
            "destination_arn": "arn:aws:firehose:us-east-1:574029749308:deliverystream/terraform-kinesis-firehose-test-stream",
            "distribution": "ByLogStream",
            "filter_pattern": "",
            "id": "cwlsf-3162534295",
            "log_group_name": "/aws/kinesisfirehose/kinesis-splunk",
            "name": "KinesisSubscriptionFilter",
            "role_arn": "arn:aws:iam::574029749308:role/BKI-SR-cloudwatch_to_firehose_trust"
          },
          "private": "bnVsbA==",
          "dependencies": [
            "aws_kinesis_firehose_delivery_stream.test_stream",
            "module.cloudwatch_to_firehose_trust.aws_iam_role.role"
          ]
        }
      ]
    },
    {
      "module": "module.cloudwatch_to_fh_access_policy",
      "mode": "managed",
      "type": "aws_iam_policy",
      "name": "policy",
      "each": "list",
      "provider": "provider.aws",
      "instances": [
        {
          "index_key": 0,
          "schema_version": 0,
          "attributes": {
            "arn": "arn:aws:iam::574029749308:policy/BKI-SR-cloudwatch_to_fh_access_policy",
            "description": "Testing inline policy creation with role attachment",
            "id": "arn:aws:iam::574029749308:policy/BKI-SR-cloudwatch_to_fh_access_policy",
            "name": "BKI-SR-cloudwatch_to_fh_access_policy",
            "name_prefix": null,
            "path": "/",
            "policy": "{\n  \"Version\": \"2012-10-17\",\n  \"Statement\": [\n    {\n      \"Sid\": \"\",\n      \"Effect\": \"Allow\",\n      \"Action\": \"firehose:*\",\n      \"Resource\": \"arn:aws:firehose:us-east-1:574029749308:deliverystream/terraform-kinesis-firehose-test-stream\"\n    },\n    {\n      \"Sid\": \"\",\n      \"Effect\": \"Allow\",\n      \"Action\": \"iam:PassRole\",\n      \"Resource\": \"arn:aws:iam::574029749308:role/BKI-SR-cloudwatch_to_firehose_trust\"\n    }\n  ]\n}"
          },
          "private": "bnVsbA==",
          "dependencies": [
            "aws_cloudwatch_log_group.kinesis_logs",
            "aws_cloudwatch_log_stream.kinesis_logs",
            "aws_kinesis_firehose_delivery_stream.test_stream",
            "aws_lambda_function.lambda_processor",
            "aws_s3_bucket.bucket",
            "module.cloudwatch_to_firehose_trust.aws_iam_role.role",
            "module.kinesis_iam.aws_iam_role.role",
            "module.lambda_iam.aws_iam_role.role"
          ]
        }
      ]
    },
    {
      "module": "module.lambda_iam",
      "mode": "managed",
      "type": "aws_iam_role",
      "name": "role",
      "each": "list",
      "provider": "provider.aws",
      "instances": [
        {
          "index_key": 0,
          "schema_version": 0,
          "attributes": {
            "arn": "arn:aws:iam::574029749308:role/BKI-SR-modetest-kinesis-firehouse-splunk-lambda",
            "assume_role_policy": "{\"Version\":\"2012-10-17\",\"Statement\":[{\"Sid\":\"\",\"Effect\":\"Allow\",\"Principal\":{\"Service\":\"lambda.amazonaws.com\"},\"Action\":\"sts:AssumeRole\"}]}",
            "create_date": "2020-09-30T12:54:36Z",
            "description": "This role is for kinesis firehouse Lambda function",
            "force_detach_policies": true,
            "id": "BKI-SR-modetest-kinesis-firehouse-splunk-lambda",
            "max_session_duration": 3600,
            "name": "BKI-SR-modetest-kinesis-firehouse-splunk-lambda",
            "name_prefix": null,
            "path": "/",
            "permissions_boundary": "arn:aws:iam::574029749308:policy/BKI-PermissionBoundary",
            "tags": {
              "appid": "A000012",
              "awsaccount": "HOpS-DEV",
              "createdby": "lc1209472@bkfs.com",
              "env": "DEV",
              "function": "ssm-patch-logs"
            },
            "unique_id": "AROAYLJWW3Q6AYAZIULZC"
          },
          "private": "bnVsbA=="
        }
      ]
    },
    {
      "module": "module.kinesis_iam",
      "mode": "managed",
      "type": "aws_iam_role",
      "name": "role",
      "each": "list",
      "provider": "provider.aws",
      "instances": [
        {
          "index_key": 0,
          "schema_version": 0,
          "attributes": {
            "arn": "arn:aws:iam::574029749308:role/BKI-SR-Firehose-Kinesis-Splunk",
            "assume_role_policy": "{\"Version\":\"2012-10-17\",\"Statement\":[{\"Sid\":\"\",\"Effect\":\"Allow\",\"Principal\":{\"Service\":\"firehose.amazonaws.com\"},\"Action\":\"sts:AssumeRole\"}]}",
            "create_date": "2020-10-01T10:30:14Z",
            "description": "This role is for kinesis firehouse",
            "force_detach_policies": true,
            "id": "BKI-SR-Firehose-Kinesis-Splunk",
            "max_session_duration": 3600,
            "name": "BKI-SR-Firehose-Kinesis-Splunk",
            "name_prefix": null,
            "path": "/",
            "permissions_boundary": "arn:aws:iam::574029749308:policy/BKI-PermissionBoundary",
            "tags": {
              "appid": "A000012",
              "awsaccount": "HOpS-DEV",
              "createdby": "lc1209472@bkfs.com",
              "env": "DEV",
              "function": "ssm-patch-logs"
            },
            "unique_id": "AROAYLJWW3Q6BLPOXAELS"
          },
          "private": "bnVsbA=="
        }
      ]
    },
    {
      "module": "module.cloudwatch_to_firehose_trust",
      "mode": "managed",
      "type": "aws_iam_role",
      "name": "role",
      "each": "list",
      "provider": "provider.aws",
      "instances": [
        {
          "index_key": 0,
          "schema_version": 0,
          "attributes": {
            "arn": "arn:aws:iam::574029749308:role/BKI-SR-cloudwatch_to_firehose_trust",
            "assume_role_policy": "{\"Version\":\"2012-10-17\",\"Statement\":[{\"Effect\":\"Allow\",\"Principal\":{\"Service\":\"logs.us-east-1.amazonaws.com\"},\"Action\":\"sts:AssumeRole\"}]}",
            "create_date": "2020-10-01T11:41:57Z",
            "description": "This role is for kinesis firehouse CWL Trust",
            "force_detach_policies": true,
            "id": "BKI-SR-cloudwatch_to_firehose_trust",
            "max_session_duration": 3600,
            "name": "BKI-SR-cloudwatch_to_firehose_trust",
            "name_prefix": null,
            "path": "/",
            "permissions_boundary": "arn:aws:iam::574029749308:policy/BKI-PermissionBoundary",
            "tags": {
              "appid": "A000012",
              "awsaccount": "HOpS-DEV",
              "createdby": "lc1209472@bkfs.com",
              "env": "DEV",
              "function": "ssm-patch-logs"
            },
            "unique_id": "AROAYLJWW3Q6MSVKB3MZT"
          },
          "private": "bnVsbA=="
        }
      ]
    },
    {
      "module": "module.lambda_iam",
      "mode": "managed",
      "type": "aws_iam_role_policy_attachment",
      "name": "attachment",
      "each": "list",
      "provider": "provider.aws",
      "instances": []
    },
    {
      "module": "module.kinesis_iam",
      "mode": "managed",
      "type": "aws_iam_role_policy_attachment",
      "name": "attachment",
      "each": "list",
      "provider": "provider.aws",
      "instances": []
    },
    {
      "module": "module.cloudwatch_to_firehose_trust",
      "mode": "managed",
      "type": "aws_iam_role_policy_attachment",
      "name": "attachment",
      "each": "list",
      "provider": "provider.aws",
      "instances": []
    },
    {
      "module": "module.cloudwatch_to_fh_access_policy",
      "mode": "managed",
      "type": "aws_iam_role_policy_attachment",
      "name": "attachment",
      "each": "list",
      "provider": "provider.aws",
      "instances": [
        {
          "index_key": 0,
          "schema_version": 0,
          "attributes": {
            "id": "BKI-SR-cloudwatch_to_firehose_trust-20201001122739180100000001",
            "policy_arn": "arn:aws:iam::574029749308:policy/BKI-SR-cloudwatch_to_fh_access_policy",
            "role": "BKI-SR-cloudwatch_to_firehose_trust"
          },
          "private": "bnVsbA==",
          "dependencies": [
            "module.cloudwatch_to_fh_access_policy.aws_iam_policy.policy",
            "module.cloudwatch_to_firehose_trust.aws_iam_role.role"
          ]
        }
      ]
    },
    {
      "mode": "managed",
      "type": "aws_kinesis_firehose_delivery_stream",
      "name": "test_stream",
      "provider": "provider.aws",
      "instances": [
        {
          "schema_version": 1,
          "attributes": {
            "arn": "arn:aws:firehose:us-east-1:574029749308:deliverystream/terraform-kinesis-firehose-test-stream",
            "destination": "splunk",
            "destination_id": "destinationId-000000000001",
            "elasticsearch_configuration": [],
            "extended_s3_configuration": [],
            "id": "arn:aws:firehose:us-east-1:574029749308:deliverystream/terraform-kinesis-firehose-test-stream",
            "kinesis_source_configuration": [],
            "name": "terraform-kinesis-firehose-test-stream",
            "redshift_configuration": [],
            "s3_configuration": [
              {
                "bucket_arn": "arn:aws:s3:::bki-sr-kinesis-1",
                "buffer_interval": 400,
                "buffer_size": 10,
                "cloudwatch_logging_options": [
                  {
                    "enabled": false,
                    "log_group_name": "",
                    "log_stream_name": ""
                  }
                ],
                "compression_format": "GZIP",
                "kms_key_arn": "",
                "prefix": "",
                "role_arn": "arn:aws:iam::574029749308:role/BKI-SR-Firehose-Kinesis-Splunk"
              }
            ],
            "server_side_encryption": [
              {
                "enabled": false,
                "key_arn": "",
                "key_type": "AWS_OWNED_CMK"
              }
            ],
            "splunk_configuration": [
              {
                "cloudwatch_logging_options": [
                  {
                    "enabled": true,
                    "log_group_name": "/aws/kinesisfirehose/terraform-kinesis-firehose-test-stream",
                    "log_stream_name": "kinesis-test-stream"
                  }
                ],
                "hec_acknowledgment_timeout": 600,
                "hec_endpoint": "https://internal-loadbalancer-testriz-188538798.us-east-1.elb.amazonaws.com:8088/services/collector",
                "hec_endpoint_type": "Event",
                "hec_token": "a718eb95-aecc-47e5-803c-cad7591c0e4b",
                "processing_configuration": [
                  {
                    "enabled": true,
                    "processors": [
                      {
                        "parameters": [
                          {
                            "parameter_name": "LambdaArn",
                            "parameter_value": "arn:aws:lambda:us-east-1:574029749308:function:firehose_lambda_processor:$LATEST"
                          },
                          {
                            "parameter_name": "RoleArn",
                            "parameter_value": "arn:aws:iam::574029749308:role/BKI-SR-Firehose-Kinesis-Splunk"
                          }
                        ],
                        "type": "Lambda"
                      }
                    ]
                  }
                ],
                "retry_duration": 3600,
                "s3_backup_mode": "FailedEventsOnly"
              }
            ],
            "tags": {},
            "version_id": "2"
          },
          "private": "eyJzY2hlbWFfdmVyc2lvbiI6IjEifQ==",
          "dependencies": [
            "aws_cloudwatch_log_group.kinesis_logs",
            "aws_cloudwatch_log_stream.kinesis_logs",
            "aws_lambda_function.lambda_processor",
            "aws_s3_bucket.bucket",
            "module.kinesis_iam.aws_iam_role.role"
          ]
        }
      ]
    },
    {
      "mode": "managed",
      "type": "aws_lambda_function",
      "name": "lambda_processor",
      "provider": "provider.aws",
      "instances": [
        {
          "schema_version": 0,
          "attributes": {
            "arn": "arn:aws:lambda:us-east-1:574029749308:function:firehose_lambda_processor",
            "dead_letter_config": [],
            "description": "",
            "environment": [],
            "file_system_config": [],
            "filename": "kinesis.zip",
            "function_name": "firehose_lambda_processor",
            "handler": "kinesis.handler",
            "id": "firehose_lambda_processor",
            "invoke_arn": "arn:aws:apigateway:us-east-1:lambda:path/2015-03-31/functions/arn:aws:lambda:us-east-1:574029749308:function:firehose_lambda_processor/invocations",
            "kms_key_arn": "",
            "last_modified": "2020-10-01T12:39:39.040+0000",
            "layers": [],
            "memory_size": 128,
            "publish": false,
            "qualified_arn": "arn:aws:lambda:us-east-1:574029749308:function:firehose_lambda_processor:$LATEST",
            "reserved_concurrent_executions": -1,
            "role": "arn:aws:iam::574029749308:role/BKI-SR-modetest-kinesis-firehouse-splunk-lambda",
            "runtime": "python2.7",
            "s3_bucket": null,
            "s3_key": null,
            "s3_object_version": null,
            "source_code_hash": "4jpI5ap0yalSpYHmDV9t5i69MEHEK4Nbfo34ngDg8Ho=",
            "source_code_size": 3411,
            "tags": {},
            "timeout": 3,
            "timeouts": null,
            "tracing_config": [
              {
                "mode": "PassThrough"
              }
            ],
            "version": "$LATEST",
            "vpc_config": []
          },
          "private": "eyJlMmJmYjczMC1lY2FhLTExZTYtOGY4OC0zNDM2M2JjN2M0YzAiOnsiY3JlYXRlIjo2MDAwMDAwMDAwMDB9fQ==",
          "dependencies": [
            "module.lambda_iam.aws_iam_role.role"
          ]
        }
      ]
    },
    {
      "mode": "managed",
      "type": "aws_s3_bucket",
      "name": "bucket",
      "provider": "provider.aws",
      "instances": [
        {
          "schema_version": 0,
          "attributes": {
            "acceleration_status": "",
            "acl": "private",
            "arn": "arn:aws:s3:::bki-sr-kinesis-1",
            "bucket": "bki-sr-kinesis-1",
            "bucket_domain_name": "bki-sr-kinesis-1.s3.amazonaws.com",
            "bucket_prefix": null,
            "bucket_regional_domain_name": "bki-sr-kinesis-1.s3.amazonaws.com",
            "cors_rule": [],
            "force_destroy": false,
            "grant": [],
            "hosted_zone_id": "Z3AQBSTGFYJSTF",
            "id": "bki-sr-kinesis-1",
            "lifecycle_rule": [],
            "logging": [],
            "object_lock_configuration": [],
            "policy": null,
            "region": "us-east-1",
            "replication_configuration": [],
            "request_payer": "BucketOwner",
            "server_side_encryption_configuration": [],
            "tags": {},
            "versioning": [
              {
                "enabled": false,
                "mfa_delete": false
              }
            ],
            "website": [],
            "website_domain": null,
            "website_endpoint": null
          },
          "private": "bnVsbA=="
        }
      ]
    }
  ]
}
