{
  "version": 4,
  "terraform_version": "0.12.28",
  "serial": 328,
  "lineage": "36a91b84-36c6-a53b-e509-321aee281274",
  "outputs": {},
  "resources": [
    {
      "module": "module.terraform-aws-bki-cloudwatch-to-splunk.module.bki_lambda_s3LogsProcessor",
      "mode": "data",
      "type": "archive_file",
      "name": "lambda_archive_file_name",
      "each": "list",
      "provider": "provider.archive",
      "instances": []
    },
    {
      "module": "module.terraform-aws-bki-cloudwatch-to-splunk.module.bki_lambda_s3LogsProcessor",
      "mode": "data",
      "type": "aws_arn",
      "name": "iam_role_name",
      "provider": "provider.aws",
      "instances": [
        {
          "schema_version": 0,
          "attributes": {
            "account": "574029749308",
            "arn": "arn:aws:iam::574029749308:role/BKI-SR-S3ToSplunk",
            "id": "arn:aws:iam::574029749308:role/BKI-SR-S3ToSplunk",
            "partition": "aws",
            "region": "",
            "resource": "role/BKI-SR-S3ToSplunk",
            "service": "iam"
          }
        }
      ]
    },
    {
      "module": "module.terraform-aws-bki-cloudwatch-to-splunk.module.bki-iam-role-BKI-SR-S3ToSplunk",
      "mode": "data",
      "type": "aws_caller_identity",
      "name": "current",
      "provider": "provider.aws",
      "instances": [
        {
          "schema_version": 0,
          "attributes": {
            "account_id": "574029749308",
            "arn": "arn:aws:sts::574029749308:assumed-role/AWSReservedSSO_BK-AWS-Developer_c3329e4a0e7f3857/Rizwan.Mohammed@bkfs.com",
            "id": "2020-09-23 12:05:48.230432 +0000 UTC",
            "user_id": "AROAYLJWW3Q6GZAC7RW5I:Rizwan.Mohammed@bkfs.com"
          }
        }
      ]
    },
    {
      "module": "module.terraform-aws-bki-cloudwatch-to-splunk.module.bki_lambda_s3LogsProcessor",
      "mode": "data",
      "type": "aws_caller_identity",
      "name": "current",
      "provider": "provider.aws",
      "instances": [
        {
          "schema_version": 0,
          "attributes": {
            "account_id": "574029749308",
            "arn": "arn:aws:sts::574029749308:assumed-role/AWSReservedSSO_BK-AWS-Developer_c3329e4a0e7f3857/Rizwan.Mohammed@bkfs.com",
            "id": "2020-09-23 12:05:48.230986 +0000 UTC",
            "user_id": "AROAYLJWW3Q6GZAC7RW5I:Rizwan.Mohammed@bkfs.com"
          }
        }
      ]
    },
    {
      "module": "module.terraform-aws-bki-cloudwatch-to-splunk",
      "mode": "data",
      "type": "aws_caller_identity",
      "name": "current",
      "provider": "provider.aws",
      "instances": [
        {
          "schema_version": 0,
          "attributes": {
            "account_id": "574029749308",
            "arn": "arn:aws:sts::574029749308:assumed-role/AWSReservedSSO_BK-AWS-Developer_c3329e4a0e7f3857/Rizwan.Mohammed@bkfs.com",
            "id": "2020-09-23 12:05:48.230807 +0000 UTC",
            "user_id": "AROAYLJWW3Q6GZAC7RW5I:Rizwan.Mohammed@bkfs.com"
          }
        }
      ]
    },
    {
      "module": "module.terraform-aws-bki-cloudwatch-to-splunk.module.bki_lambda_s3LogsProcessor",
      "mode": "data",
      "type": "aws_iam_policy",
      "name": "aws_xray_write_only_access",
      "each": "list",
      "provider": "provider.aws",
      "instances": []
    },
    {
      "module": "module.terraform-aws-bki-cloudwatch-to-splunk.module.bki_lambda_s3LogsProcessor",
      "mode": "managed",
      "type": "aws_cloudwatch_log_group",
      "name": "cloudwatch_log_group",
      "each": "list",
      "provider": "provider.aws",
      "instances": [
        {
          "index_key": 0,
          "schema_version": 0,
          "attributes": {
            "arn": "arn:aws:logs:us-east-1:574029749308:log-group:/aws/lambda/var.lambda_function_name",
            "id": "/aws/lambda/var.lambda_function_name",
            "kms_key_id": "arn:aws:kms:us-east-1:574029749308:key/f2054d1f-e1a9-4317-bff2-e0debf0b2924",
            "name": "/aws/lambda/var.lambda_function_name",
            "name_prefix": null,
            "retention_in_days": 14,
            "tags": {
              "Name": "s3LogsProcessor",
              "appid": "S00012",
              "awsaccount": "hopssandbox",
              "createdby": "e1208742@lpsvcs.com",
              "env": "sandbox",
              "function": "Send s3 access logs to SplunkHEC"
            }
          },
          "private": "bnVsbA==",
          "dependencies": [
            "module.terraform-aws-bki-cloudwatch-to-splunk.module.kms-key-bki-logging.aws_kms_key.key"
          ]
        }
      ]
    },
    {
      "module": "module.terraform-aws-bki-cloudwatch-to-splunk.module.bki_lambda_s3LogsProcessor",
      "mode": "managed",
      "type": "aws_cloudwatch_metric_alarm",
      "name": "concurrent_critical",
      "each": "list",
      "provider": "provider.aws",
      "instances": []
    },
    {
      "module": "module.terraform-aws-bki-cloudwatch-to-splunk.module.bki_lambda_s3LogsProcessor",
      "mode": "managed",
      "type": "aws_cloudwatch_metric_alarm",
      "name": "concurrent_warning",
      "each": "list",
      "provider": "provider.aws",
      "instances": []
    },
    {
      "module": "module.terraform-aws-bki-cloudwatch-to-splunk.module.bki_lambda_s3LogsProcessor",
      "mode": "managed",
      "type": "aws_cloudwatch_metric_alarm",
      "name": "durations_critical",
      "each": "list",
      "provider": "provider.aws",
      "instances": []
    },
    {
      "module": "module.terraform-aws-bki-cloudwatch-to-splunk.module.bki_lambda_s3LogsProcessor",
      "mode": "managed",
      "type": "aws_cloudwatch_metric_alarm",
      "name": "durations_warning",
      "each": "list",
      "provider": "provider.aws",
      "instances": []
    },
    {
      "module": "module.terraform-aws-bki-cloudwatch-to-splunk.module.bki_lambda_s3LogsProcessor",
      "mode": "managed",
      "type": "aws_cloudwatch_metric_alarm",
      "name": "errors_critical",
      "each": "list",
      "provider": "provider.aws",
      "instances": []
    },
    {
      "module": "module.terraform-aws-bki-cloudwatch-to-splunk.module.bki_lambda_s3LogsProcessor",
      "mode": "managed",
      "type": "aws_cloudwatch_metric_alarm",
      "name": "errors_warning",
      "each": "list",
      "provider": "provider.aws",
      "instances": []
    },
    {
      "module": "module.terraform-aws-bki-cloudwatch-to-splunk.module.bki_lambda_s3LogsProcessor",
      "mode": "managed",
      "type": "aws_cloudwatch_metric_alarm",
      "name": "invocations_critical",
      "each": "list",
      "provider": "provider.aws",
      "instances": []
    },
    {
      "module": "module.terraform-aws-bki-cloudwatch-to-splunk.module.bki_lambda_s3LogsProcessor",
      "mode": "managed",
      "type": "aws_cloudwatch_metric_alarm",
      "name": "invocations_warning",
      "each": "list",
      "provider": "provider.aws",
      "instances": []
    },
    {
      "module": "module.terraform-aws-bki-cloudwatch-to-splunk.module.bki_lambda_s3LogsProcessor",
      "mode": "managed",
      "type": "aws_cloudwatch_metric_alarm",
      "name": "throttles_critical",
      "each": "list",
      "provider": "provider.aws",
      "instances": []
    },
    {
      "module": "module.terraform-aws-bki-cloudwatch-to-splunk.module.bki_lambda_s3LogsProcessor",
      "mode": "managed",
      "type": "aws_cloudwatch_metric_alarm",
      "name": "throttles_warning",
      "each": "list",
      "provider": "provider.aws",
      "instances": []
    },
    {
      "module": "module.terraform-aws-bki-cloudwatch-to-splunk.module.bki-iam-policy-BKI-SR-S3ToSplunk-ServiceRolePolicy",
      "mode": "managed",
      "type": "aws_iam_policy",
      "name": "policy",
      "each": "list",
      "provider": "provider.aws",
      "instances": [
        {
          "index_key": 0,
          "schema_version": 0,
          "attributes": {
            "arn": "arn:aws:iam::574029749308:policy/BKI-SR-S3ToSplunk-ServiceRolePolicy",
            "description": "Service Role Policy for AWS resources",
            "id": "arn:aws:iam::574029749308:policy/BKI-SR-S3ToSplunk-ServiceRolePolicy",
            "name": "BKI-SR-S3ToSplunk-ServiceRolePolicy",
            "name_prefix": null,
            "path": "/",
            "policy": "{\n    \"Version\": \"2012-10-17\",\n    \"Statement\": [\n        {\n            \"Effect\": \"Allow\",\n            \"Action\": [\n                \"logs:CreateLogStream\",\n                \"logs:PutLogEvents\",\n                \"logs:DescribeLogStreams\",\n                \"logs:GetLogEvents\"\n            ],\n            \"Resource\": [\n                \"arn:aws:logs:*:*:log-group:/aws/lambda/vpcFlowLogsProcessor:*\",\n                \"arn:aws:logs:*:*:log-group:/aws/lambda/cloudwatchLogsProcessor:*\"\n            ]\n        },\n        {\n            \"Effect\": \"Allow\",\n            \"Action\": [\n                \"logs:DescribeLogStreams\",\n                \"logs:GetLogEvents\"\n            ],\n            \"Resource\": [\n                \"arn:aws:logs:*:*:log-group:StackSet-AWS-Landing-Zone*\"\n            ]\n        },\n        {\n            \"Effect\": \"Allow\",\n            \"Action\": \"iam:PassRole\",\n            \"Resource\": [\n                \"arn:aws:iam::*:role/BKI-SR-CloudWatchToSplunk\"\n            ],\n            \"Condition\": {\n                \"StringEquals\": {\n                    \"iam:PassedToService\": [\n                        \"lambda.amazonaws.com\",\n                        \"cloudwatch.amazonaws.com\"\n                    ]\n                }\n            }\n        },\n\t\t{\n            \"Effect\": \"Allow\",\n            \"Action\": [\n                \"s3:AbortMultipartUpload\",\n                \"s3:GetBucketLocation\",\n                \"s3:GetObject\",\n                \"s3:ListBucket\",\n                \"s3:ListBucketMultipartUploads\",\n                \"s3:PutObject\",\n                \"s3:PutObjectAcl\"\n            ],\n            \"Resource\": [\n                \"arn:aws:s3:::bki-hopsdev-centralized-cwlogs/*\",\n                \"arn:aws:s3:::bki-hopsdev-centralized-cwlogs\",\n                \"arn:aws:s3:::bki-log-archive-centralized-cwlogs-us-east-1\",\n                \"arn:aws:s3:::bki-log-archive-centralized-cwlogs-us-east-2\"\n            ]\n        }\n    ]\n}\n"
          },
          "private": "bnVsbA=="
        }
      ]
    },
    {
      "module": "module.terraform-aws-bki-cloudwatch-to-splunk.module.bki-iam-role-BKI-SR-S3ToSplunk",
      "mode": "managed",
      "type": "aws_iam_role",
      "name": "role",
      "each": "list",
      "provider": "provider.aws",
      "instances": [
        {
          "index_key": 0,
          "schema_version": 0,
          "attributes": {
            "arn": "arn:aws:iam::574029749308:role/BKI-SR-S3ToSplunk",
            "assume_role_policy": "{\"Version\":\"2012-10-17\",\"Statement\":[{\"Effect\":\"Allow\",\"Principal\":{\"Service\":[\"s3.amazonaws.com\",\"logs.us-east-2.amazonaws.com\",\"logs.us-east-1.amazonaws.com\",\"lambda.amazonaws.com\",\"ec2.amazonaws.com\",\"vpc-flow-logs.amazonaws.com\",\"cloudwatch.amazonaws.com\"]},\"Action\":\"sts:AssumeRole\"}]}",
            "create_date": "2020-09-23T12:05:59Z",
            "description": "Provides access to AWS Resources",
            "force_detach_policies": true,
            "id": "BKI-SR-S3ToSplunk",
            "max_session_duration": 3600,
            "name": "BKI-SR-S3ToSplunk",
            "name_prefix": null,
            "path": "/",
            "permissions_boundary": "arn:aws:iam::574029749308:policy/BKI-PermissionBoundary",
            "tags": {
              "appid": "S00012",
              "awsaccount": "hopssandbox",
              "createdby": "e1208742@lpsvcs.com",
              "env": "sandbox",
              "function": "IAM Role for S3ToSplunkHEC Lambdas"
            },
            "unique_id": "AROAYLJWW3Q6IWPWLHBWW"
          },
          "private": "bnVsbA=="
        }
      ]
    },
    {
      "module": "module.terraform-aws-bki-cloudwatch-to-splunk.module.bki-iam-role-policy-attachment-policies-to-service-role",
      "mode": "managed",
      "type": "aws_iam_role_policy_attachment",
      "name": "attach",
      "each": "list",
      "provider": "provider.aws",
      "instances": [
        {
          "index_key": 0,
          "schema_version": 0,
          "attributes": {
            "id": "BKI-SR-S3ToSplunk-20200923120603765800000003",
            "policy_arn": "arn:aws:iam::574029749308:policy/BKI-SR-S3ToSplunk-ServiceRolePolicy",
            "role": "BKI-SR-S3ToSplunk"
          },
          "private": "bnVsbA==",
          "dependencies": [
            "module.terraform-aws-bki-cloudwatch-to-splunk.module.bki-iam-policy-BKI-SR-S3ToSplunk-ServiceRolePolicy.aws_iam_policy.policy",
            "module.terraform-aws-bki-cloudwatch-to-splunk.module.bki-iam-role-BKI-SR-S3ToSplunk.aws_iam_role.role"
          ]
        },
        {
          "index_key": 1,
          "schema_version": 0,
          "attributes": {
            "id": "BKI-SR-S3ToSplunk-20200923120603768500000004",
            "policy_arn": "arn:aws:iam::aws:policy/AmazonS3FullAccess",
            "role": "BKI-SR-S3ToSplunk"
          },
          "private": "bnVsbA==",
          "dependencies": [
            "module.terraform-aws-bki-cloudwatch-to-splunk.module.bki-iam-policy-BKI-SR-S3ToSplunk-ServiceRolePolicy.aws_iam_policy.policy",
            "module.terraform-aws-bki-cloudwatch-to-splunk.module.bki-iam-role-BKI-SR-S3ToSplunk.aws_iam_role.role"
          ]
        },
        {
          "index_key": 2,
          "schema_version": 0,
          "attributes": {
            "id": "BKI-SR-S3ToSplunk-20200923120603759700000002",
            "policy_arn": "arn:aws:iam::aws:policy/service-role/AWSLambdaBasicExecutionRole",
            "role": "BKI-SR-S3ToSplunk"
          },
          "private": "bnVsbA==",
          "dependencies": [
            "module.terraform-aws-bki-cloudwatch-to-splunk.module.bki-iam-policy-BKI-SR-S3ToSplunk-ServiceRolePolicy.aws_iam_policy.policy",
            "module.terraform-aws-bki-cloudwatch-to-splunk.module.bki-iam-role-BKI-SR-S3ToSplunk.aws_iam_role.role"
          ]
        },
        {
          "index_key": 3,
          "schema_version": 0,
          "attributes": {
            "id": "BKI-SR-S3ToSplunk-20200923120603659000000001",
            "policy_arn": "arn:aws:iam::aws:policy/service-role/AWSLambdaVPCAccessExecutionRole",
            "role": "BKI-SR-S3ToSplunk"
          },
          "private": "bnVsbA==",
          "dependencies": [
            "module.terraform-aws-bki-cloudwatch-to-splunk.module.bki-iam-policy-BKI-SR-S3ToSplunk-ServiceRolePolicy.aws_iam_policy.policy",
            "module.terraform-aws-bki-cloudwatch-to-splunk.module.bki-iam-role-BKI-SR-S3ToSplunk.aws_iam_role.role"
          ]
        }
      ]
    },
    {
      "module": "module.terraform-aws-bki-cloudwatch-to-splunk.module.bki-iam-policy-BKI-SR-S3ToSplunk-ServiceRolePolicy",
      "mode": "managed",
      "type": "aws_iam_role_policy_attachment",
      "name": "attachment",
      "each": "list",
      "provider": "provider.aws",
      "instances": []
    },
    {
      "module": "module.terraform-aws-bki-cloudwatch-to-splunk.module.bki-iam-role-BKI-SR-S3ToSplunk",
      "mode": "managed",
      "type": "aws_iam_role_policy_attachment",
      "name": "attachment",
      "each": "list",
      "provider": "provider.aws",
      "instances": []
    },
    {
      "module": "module.terraform-aws-bki-cloudwatch-to-splunk.module.bki_lambda_s3LogsProcessor",
      "mode": "managed",
      "type": "aws_iam_role_policy_attachment",
      "name": "lambda_xray",
      "each": "list",
      "provider": "provider.aws",
      "instances": []
    },
    {
      "module": "module.terraform-aws-bki-cloudwatch-to-splunk",
      "mode": "managed",
      "type": "aws_kms_alias",
      "name": "alias",
      "provider": "provider.aws",
      "instances": [
        {
          "schema_version": 0,
          "attributes": {
            "arn": "arn:aws:kms:us-east-1:574029749308:alias/bki/logging-us-east-1-1",
            "id": "alias/bki/logging-us-east-1-1",
            "name": "alias/bki/logging-us-east-1-1",
            "name_prefix": null,
            "target_key_arn": "arn:aws:kms:us-east-1:574029749308:key/f2054d1f-e1a9-4317-bff2-e0debf0b2924",
            "target_key_id": "f2054d1f-e1a9-4317-bff2-e0debf0b2924"
          },
          "private": "bnVsbA==",
          "dependencies": [
            "module.terraform-aws-bki-cloudwatch-to-splunk.module.kms-key-bki-logging.aws_kms_key.key"
          ]
        }
      ]
    },
    {
      "module": "module.terraform-aws-bki-cloudwatch-to-splunk.module.kms-key-bki-logging",
      "mode": "managed",
      "type": "aws_kms_key",
      "name": "key",
      "provider": "provider.aws",
      "instances": [
        {
          "schema_version": 0,
          "attributes": {
            "arn": "arn:aws:kms:us-east-1:574029749308:key/f2054d1f-e1a9-4317-bff2-e0debf0b2924",
            "customer_master_key_spec": "SYMMETRIC_DEFAULT",
            "deletion_window_in_days": 7,
            "description": "cloudwatch log group encryption",
            "enable_key_rotation": false,
            "id": "f2054d1f-e1a9-4317-bff2-e0debf0b2924",
            "is_enabled": true,
            "key_id": "f2054d1f-e1a9-4317-bff2-e0debf0b2924",
            "key_usage": "ENCRYPT_DECRYPT",
            "policy": "{\"Id\":\"key-default-1\",\"Statement\":[{\"Action\":\"kms:*\",\"Effect\":\"Allow\",\"Principal\":{\"AWS\":\"arn:aws:iam::574029749308:root\"},\"Resource\":\"*\",\"Sid\":\"Enable IAM User Permissions\"},{\"Action\":[\"kms:Encrypt*\",\"kms:Decrypt*\",\"kms:ReEncrypt*\",\"kms:GenerateDataKey*\",\"kms:Describe*\"],\"Effect\":\"Allow\",\"Principal\":{\"Service\":\"logs.us-east-1.amazonaws.com\"},\"Resource\":\"*\"}],\"Version\":\"2012-10-17\"}",
            "tags": {
              "Name": "bki/logging",
              "appid": "S00012",
              "awsaccount": "hopssandbox",
              "createdby": "e1208742@lpsvcs.com",
              "env": "sandbox",
              "function": "cloudwatch log group encryption"
            }
          },
          "private": "bnVsbA=="
        }
      ]
    },
    {
      "module": "module.terraform-aws-bki-cloudwatch-to-splunk.module.bki_lambda_s3LogsProcessor",
      "mode": "managed",
      "type": "aws_lambda_event_source_mapping",
      "name": "lambda_event_source",
      "each": "list",
      "provider": "provider.aws",
      "instances": []
    },
    {
      "module": "module.terraform-aws-bki-cloudwatch-to-splunk.module.bki_lambda_s3LogsProcessor",
      "mode": "managed",
      "type": "aws_lambda_function",
      "name": "lambda_function_name",
      "provider": "provider.aws",
      "instances": [
        {
          "schema_version": 0,
          "attributes": {
            "arn": "arn:aws:lambda:us-east-1:574029749308:function:S3LogsProcessor",
            "dead_letter_config": [],
            "description": "Send s3 access logs to SplunkHEC",
            "environment": [
              {
                "variables": {
                  "SPLUNK_HEC_TOKEN": "a718eb95-aecc-47e5-803c-cad7591c0e4b",
                  "SPLUNK_HEC_URL": "https://splunke1-hec-cwlogs.shared-services.awsprodint.site:8088/services/collector",
                  "aws_account_name": "HOpSDEV"
                }
              }
            ],
            "file_system_config": [],
            "filename": "terraform-aws-bki-s3-to-splunk/s3logsprocessor.zip",
            "function_name": "S3LogsProcessor",
            "handler": "index.handler",
            "id": "S3LogsProcessor",
            "invoke_arn": "arn:aws:apigateway:us-east-1:lambda:path/2015-03-31/functions/arn:aws:lambda:us-east-1:574029749308:function:S3LogsProcessor/invocations",
            "kms_key_arn": "",
            "last_modified": "2020-09-23T12:06:13.597+0000",
            "layers": null,
            "memory_size": 128,
            "publish": false,
            "qualified_arn": "arn:aws:lambda:us-east-1:574029749308:function:S3LogsProcessor:$LATEST",
            "reserved_concurrent_executions": -1,
            "role": "arn:aws:iam::574029749308:role/BKI-SR-S3ToSplunk",
            "runtime": "nodejs10.x",
            "s3_bucket": null,
            "s3_key": null,
            "s3_object_version": null,
            "source_code_hash": "YZ6QPrx2TcsPKLScRzifIQRt5K1xodz9W2IE5GtPpPI=",
            "source_code_size": 4814,
            "tags": {
              "Name": "s3LogsProcessor",
              "appid": "S00012",
              "awsaccount": "hopssandbox",
              "createdby": "e1208742@lpsvcs.com",
              "env": "sandbox",
              "function": "Send s3 access logs to SplunkHEC"
            },
            "timeout": 30,
            "timeouts": null,
            "tracing_config": [
              {
                "mode": "PassThrough"
              }
            ],
            "version": "$LATEST",
            "vpc_config": [
              {
                "security_group_ids": [
                  "sg-0e86d328368c4225b"
                ],
                "subnet_ids": [
                  "subnet-009b28feaca15f6d2",
                  "subnet-036829b35644cea42",
                  "subnet-098b46e33b93d2e0e"
                ],
                "vpc_id": "vpc-0bd58e3d4ca306b38"
              }
            ]
          },
          "private": "eyJlMmJmYjczMC1lY2FhLTExZTYtOGY4OC0zNDM2M2JjN2M0YzAiOnsiY3JlYXRlIjo2MDAwMDAwMDAwMDB9fQ==",
          "dependencies": [
            "module.terraform-aws-bki-cloudwatch-to-splunk.module.bki-iam-role-BKI-SR-S3ToSplunk.aws_iam_role.role",
            "module.terraform-aws-bki-cloudwatch-to-splunk.module.bki_lambda_s3LogsProcessor.aws_cloudwatch_log_group.cloudwatch_log_group",
            "module.terraform-aws-bki-cloudwatch-to-splunk.module.bki_security_group_s3tosplunk.aws_security_group.group",
            "module.terraform-aws-bki-cloudwatch-to-splunk.module.kms-key-bki-logging.aws_kms_key.key"
          ]
        }
      ]
    },
    {
      "module": "module.terraform-aws-bki-cloudwatch-to-splunk",
      "mode": "managed",
      "type": "aws_lambda_permission",
      "name": "test",
      "provider": "provider.aws",
      "instances": [
        {
          "schema_version": 0,
          "attributes": {
            "action": "lambda:InvokeFunction",
            "event_source_token": null,
            "function_name": "arn:aws:lambda:us-east-1:574029749308:function:S3LogsProcessor",
            "id": "AllowS3Invoke",
            "principal": "s3.amazonaws.com",
            "qualifier": "",
            "source_account": null,
            "source_arn": "arn:aws:s3:::bki-bki-hopsdev-access-logs-us-east-1",
            "statement_id": "AllowS3Invoke",
            "statement_id_prefix": null
          },
          "private": "bnVsbA==",
          "dependencies": [
            "module.terraform-aws-bki-cloudwatch-to-splunk.module.bki-iam-role-BKI-SR-S3ToSplunk.aws_iam_role.role",
            "module.terraform-aws-bki-cloudwatch-to-splunk.module.bki_lambda_s3LogsProcessor.aws_cloudwatch_log_group.cloudwatch_log_group",
            "module.terraform-aws-bki-cloudwatch-to-splunk.module.bki_lambda_s3LogsProcessor.aws_lambda_function.lambda_function_name",
            "module.terraform-aws-bki-cloudwatch-to-splunk.module.bki_security_group_s3tosplunk.aws_security_group.group",
            "module.terraform-aws-bki-cloudwatch-to-splunk.module.kms-key-bki-logging.aws_kms_key.key"
          ]
        }
      ]
    },
    {
      "module": "module.terraform-aws-bki-cloudwatch-to-splunk",
      "mode": "managed",
      "type": "aws_lambda_permission",
      "name": "test-2",
      "provider": "provider.aws",
      "instances": [
        {
          "schema_version": 0,
          "attributes": {
            "action": "lambda:InvokeFunction",
            "event_source_token": null,
            "function_name": "arn:aws:lambda:us-east-1:574029749308:function:S3LogsProcessor",
            "id": "AllowS3Invoke-2",
            "principal": "s3.amazonaws.com",
            "qualifier": "",
            "source_account": null,
            "source_arn": "arn:aws:s3:::bki-bki-hopsdev-access-logs-us-east-2",
            "statement_id": "AllowS3Invoke-2",
            "statement_id_prefix": null
          },
          "private": "bnVsbA==",
          "dependencies": [
            "module.terraform-aws-bki-cloudwatch-to-splunk.module.bki-iam-role-BKI-SR-S3ToSplunk.aws_iam_role.role",
            "module.terraform-aws-bki-cloudwatch-to-splunk.module.bki_lambda_s3LogsProcessor.aws_cloudwatch_log_group.cloudwatch_log_group",
            "module.terraform-aws-bki-cloudwatch-to-splunk.module.bki_lambda_s3LogsProcessor.aws_lambda_function.lambda_function_name",
            "module.terraform-aws-bki-cloudwatch-to-splunk.module.bki_security_group_s3tosplunk.aws_security_group.group",
            "module.terraform-aws-bki-cloudwatch-to-splunk.module.kms-key-bki-logging.aws_kms_key.key"
          ]
        }
      ]
    },
    {
      "module": "module.terraform-aws-bki-cloudwatch-to-splunk.module.bki_lambda_s3LogsProcessor",
      "mode": "managed",
      "type": "aws_lambda_provisioned_concurrency_config",
      "name": "lambda_prov_conc",
      "each": "list",
      "provider": "provider.aws",
      "instances": []
    },
    {
      "module": "module.terraform-aws-bki-cloudwatch-to-splunk",
      "mode": "managed",
      "type": "aws_s3_bucket_notification",
      "name": "my-trigger",
      "provider": "provider.aws",
      "instances": [
        {
          "schema_version": 0,
          "attributes": {
            "bucket": "bki-bki-hopsdev-access-logs-us-east-1",
            "id": "bki-bki-hopsdev-access-logs-us-east-1",
            "lambda_function": [
              {
                "events": [
                  "s3:ObjectCreated:*"
                ],
                "filter_prefix": "",
                "filter_suffix": "",
                "id": "tf-s3-lambda-20200923121000732000000006",
                "lambda_function_arn": "arn:aws:lambda:us-east-1:574029749308:function:S3LogsProcessor"
              }
            ],
            "queue": [],
            "topic": []
          },
          "private": "bnVsbA==",
          "dependencies": [
            "module.terraform-aws-bki-cloudwatch-to-splunk.module.bki-iam-role-BKI-SR-S3ToSplunk.aws_iam_role.role",
            "module.terraform-aws-bki-cloudwatch-to-splunk.module.bki_lambda_s3LogsProcessor.aws_cloudwatch_log_group.cloudwatch_log_group",
            "module.terraform-aws-bki-cloudwatch-to-splunk.module.bki_lambda_s3LogsProcessor.aws_lambda_function.lambda_function_name",
            "module.terraform-aws-bki-cloudwatch-to-splunk.module.bki_security_group_s3tosplunk.aws_security_group.group",
            "module.terraform-aws-bki-cloudwatch-to-splunk.module.kms-key-bki-logging.aws_kms_key.key"
          ]
        }
      ]
    },
    {
      "module": "module.terraform-aws-bki-cloudwatch-to-splunk",
      "mode": "managed",
      "type": "aws_s3_bucket_notification",
      "name": "my-trigger-2",
      "provider": "provider.aws",
      "instances": [
        {
          "schema_version": 0,
          "attributes": {
            "bucket": "bki-bki-hopsdev-access-logs-us-east-2",
            "id": "bki-bki-hopsdev-access-logs-us-east-2",
            "lambda_function": [
              {
                "events": [
                  "s3:ObjectCreated:*"
                ],
                "filter_prefix": "",
                "filter_suffix": "",
                "id": "tf-s3-lambda-20200923121000731800000005",
                "lambda_function_arn": "arn:aws:lambda:us-east-1:574029749308:function:S3LogsProcessor"
              }
            ],
            "queue": [],
            "topic": []
          },
          "private": "bnVsbA==",
          "dependencies": [
            "module.terraform-aws-bki-cloudwatch-to-splunk.module.bki-iam-role-BKI-SR-S3ToSplunk.aws_iam_role.role",
            "module.terraform-aws-bki-cloudwatch-to-splunk.module.bki_lambda_s3LogsProcessor.aws_cloudwatch_log_group.cloudwatch_log_group",
            "module.terraform-aws-bki-cloudwatch-to-splunk.module.bki_lambda_s3LogsProcessor.aws_lambda_function.lambda_function_name",
            "module.terraform-aws-bki-cloudwatch-to-splunk.module.bki_security_group_s3tosplunk.aws_security_group.group",
            "module.terraform-aws-bki-cloudwatch-to-splunk.module.kms-key-bki-logging.aws_kms_key.key"
          ]
        }
      ]
    },
    {
      "module": "module.terraform-aws-bki-cloudwatch-to-splunk.module.bki_security_group_s3tosplunk",
      "mode": "managed",
      "type": "aws_security_group",
      "name": "group",
      "provider": "provider.aws",
      "instances": [
        {
          "schema_version": 1,
          "attributes": {
            "arn": "arn:aws:ec2:us-east-1:574029749308:security-group/sg-0e86d328368c4225b",
            "description": "Security Group for S3ToSplunk Lambda",
            "egress": [
              {
                "cidr_blocks": [
                  "0.0.0.0/0"
                ],
                "description": "",
                "from_port": 0,
                "ipv6_cidr_blocks": [],
                "prefix_list_ids": [],
                "protocol": "-1",
                "security_groups": [],
                "self": false,
                "to_port": 0
              }
            ],
            "id": "sg-0e86d328368c4225b",
            "ingress": [
              {
                "cidr_blocks": [
                  "10.0.0.0/8"
                ],
                "description": "",
                "from_port": 0,
                "ipv6_cidr_blocks": [],
                "prefix_list_ids": [],
                "protocol": "-1",
                "security_groups": [],
                "self": false,
                "to_port": 0
              }
            ],
            "name": "bki-hopssandbox-splunkhec-lambda-sandbox",
            "name_prefix": "",
            "owner_id": "574029749308",
            "revoke_rules_on_delete": false,
            "tags": {
              "Name": "bki-hopssandbox-splunkhec-lambda-sandbox",
              "appid": "S00012",
              "awsaccount": "hopssandbox",
              "createdby": "e1208742@lpsvcs.com",
              "env": "sandbox",
              "function": "Security Group for S3ToSplunkHEC Lambdas"
            },
            "timeouts": null,
            "vpc_id": "vpc-0bd58e3d4ca306b38"
          },
          "private": "eyJlMmJmYjczMC1lY2FhLTExZTYtOGY4OC0zNDM2M2JjN2M0YzAiOnsiY3JlYXRlIjo2MDAwMDAwMDAwMDAsImRlbGV0ZSI6NjAwMDAwMDAwMDAwfSwic2NoZW1hX3ZlcnNpb24iOiIxIn0="
        }
      ]
    }
  ]
}
